// !$*UTF8*$!
{
	archiveVersion = 1;
	classes = {
	};
	objectVersion = 50;
	objects = {

/* Begin PBXBuildFile section */
		DBCBEC0F250F5BB400BEB6A1 /* TestTwoApp.swift in Sources */ = {isa = PBXBuildFile; fileRef = DBCBEC0E250F5BB400BEB6A1 /* TestTwoApp.swift */; };
		DBCBEC11250F5BB400BEB6A1 /* ContentView.swift in Sources */ = {isa = PBXBuildFile; fileRef = DBCBEC10250F5BB400BEB6A1 /* ContentView.swift */; };
		DBCBEC13250F5BB500BEB6A1 /* Assets.xcassets in Resources */ = {isa = PBXBuildFile; fileRef = DBCBEC12250F5BB500BEB6A1 /* Assets.xcassets */; };
		DBCBEC16250F5BB500BEB6A1 /* Preview Assets.xcassets in Resources */ = {isa = PBXBuildFile; fileRef = DBCBEC15250F5BB500BEB6A1 /* Preview Assets.xcassets */; };
		DBCBEC18250F5BB500BEB6A1 /* Persistence.swift in Sources */ = {isa = PBXBuildFile; fileRef = DBCBEC17250F5BB500BEB6A1 /* Persistence.swift */; };
		DBCBEC1B250F5BB500BEB6A1 /* TestTwo.xcdatamodeld in Sources */ = {isa = PBXBuildFile; fileRef = DBCBEC19250F5BB500BEB6A1 /* TestTwo.xcdatamodeld */; };
/* End PBXBuildFile section */

/* Begin PBXFileReference section */
		DBCBEC0B250F5BB400BEB6A1 /* TestTwo.app */ = {isa = PBXFileReference; explicitFileType = wrapper.application; includeInIndex = 0; path = TestTwo.app; sourceTree = BUILT_PRODUCTS_DIR; };
		DBCBEC0E250F5BB400BEB6A1 /* TestTwoApp.swift */ = {isa = PBXFileReference; lastKnownFileType = sourcecode.swift; path = TestTwoApp.swift; sourceTree = "<group>"; };
		DBCBEC10250F5BB400BEB6A1 /* ContentView.swift */ = {isa = PBXFileReference; lastKnownFileType = sourcecode.swift; path = ContentView.swift; sourceTree = "<group>"; };
		DBCBEC12250F5BB500BEB6A1 /* Assets.xcassets */ = {isa = PBXFileReference; lastKnownFileType = folder.assetcatalog; path = Assets.xcassets; sourceTree = "<group>"; };
		DBCBEC15250F5BB500BEB6A1 /* Preview Assets.xcassets */ = {isa = PBXFileReference; lastKnownFileType = folder.assetcatalog; path = "Preview Assets.xcassets"; sourceTree = "<group>"; };
		DBCBEC17250F5BB500BEB6A1 /* Persistence.swift */ = {isa = PBXFileReference; lastKnownFileType = sourcecode.swift; path = Persistence.swift; sourceTree = "<group>"; };
		DBCBEC1A250F5BB500BEB6A1 /* TestTwo.xcdatamodel */ = {isa = PBXFileReference; lastKnownFileType = wrapper.xcdatamodel; path = TestTwo.xcdatamodel; sourceTree = "<group>"; };
		DBCBEC1C250F5BB500BEB6A1 /* Info.plist */ = {isa = PBXFileReference; lastKnownFileType = text.plist.xml; path = Info.plist; sourceTree = "<group>"; };
/* End PBXFileReference section */

/* Begin PBXFrameworksBuildPhase section */
		DBCBEC08250F5BB400BEB6A1 /* Frameworks */ = {
			isa = PBXFrameworksBuildPhase;
			buildActionMask = 2147483647;
			files = (
			);
			runOnlyForDeploymentPostprocessing = 0;
		};
/* End PBXFrameworksBuildPhase section */

/* Begin PBXGroup section */
		DBCBEC02250F5BB400BEB6A1 = {
			isa = PBXGroup;
			children = (
				DBCBEC0D250F5BB400BEB6A1 /* TestTwo */,
				DBCBEC0C250F5BB400BEB6A1 /* Products */,
			);
			sourceTree = "<group>";
		};
		DBCBEC0C250F5BB400BEB6A1 /* Products */ = {
			isa = PBXGroup;
			children = (
				DBCBEC0B250F5BB400BEB6A1 /* TestTwo.app */,
			);
			name = Products;
			sourceTree = "<group>";
		};
		DBCBEC0D250F5BB400BEB6A1 /* TestTwo */ = {
			isa = PBXGroup;
			children = (
				DBCBEC0E250F5BB400BEB6A1 /* TestTwoApp.swift */,
				DBCBEC10250F5BB400BEB6A1 /* ContentView.swift */,
				DBCBEC12250F5BB500BEB6A1 /* Assets.xcassets */,
				DBCBEC17250F5BB500BEB6A1 /* Persistence.swift */,
				DBCBEC1C250F5BB500BEB6A1 /* Info.plist */,
				DBCBEC19250F5BB500BEB6A1 /* TestTwo.xcdatamodeld */,
				DBCBEC14250F5BB500BEB6A1 /* Preview Content */,
			);
			path = TestTwo;
			sourceTree = "<group>";
		};
		DBCBEC14250F5BB500BEB6A1 /* Preview Content */ = {
			isa = PBXGroup;
			children = (
				DBCBEC15250F5BB500BEB6A1 /* Preview Assets.xcassets */,
			);
			path = "Preview Content";
			sourceTree = "<group>";
		};
/* End PBXGroup section */

/* Begin PBXNativeTarget section */
		DBCBEC0A250F5BB400BEB6A1 /* TestTwo */ = {
			isa = PBXNativeTarget;
			buildConfigurationList = DBCBEC1F250F5BB500BEB6A1 /* Build configuration list for PBXNativeTarget "TestTwo" */;
			buildPhases = (
				DBCBEC07250F5BB400BEB6A1 /* Sources */,
				DBCBEC08250F5BB400BEB6A1 /* Frameworks */,
				DBCBEC09250F5BB400BEB6A1 /* Resources */,
			);
			buildRules = (
			);
			dependencies = (
			);
			name = TestTwo;
			productName = TestTwo;
			productReference = DBCBEC0B250F5BB400BEB6A1 /* TestTwo.app */;
			productType = "com.apple.product-type.application";
		};
/* End PBXNativeTarget section */

/* Begin PBXProject section */
		DBCBEC03250F5BB400BEB6A1 /* Project object */ = {
			isa = PBXProject;
			attributes = {
				LastSwiftUpdateCheck = 1200;
				LastUpgradeCheck = 1200;
				TargetAttributes = {
					DBCBEC0A250F5BB400BEB6A1 = {
						CreatedOnToolsVersion = 12.0;
					};
				};
			};
			buildConfigurationList = DBCBEC06250F5BB400BEB6A1 /* Build configuration list for PBXProject "TestTwo" */;
			compatibilityVersion = "Xcode 9.3";
			developmentRegion = en;
			hasScannedForEncodings = 0;
			knownRegions = (
				en,
				Base,
			);
			mainGroup = DBCBEC02250F5BB400BEB6A1;
			productRefGroup = DBCBEC0C250F5BB400BEB6A1 /* Products */;
			projectDirPath = "";
			projectRoot = "";
			targets = (
				DBCBEC0A250F5BB400BEB6A1 /* TestTwo */,
			);
		};
/* End PBXProject section */

/* Begin PBXResourcesBuildPhase section */
		DBCBEC09250F5BB400BEB6A1 /* Resources */ = {
			isa = PBXResourcesBuildPhase;
			buildActionMask = 2147483647;
			files = (
				DBCBEC16250F5BB500BEB6A1 /* Preview Assets.xcassets in Resources */,
				DBCBEC13250F5BB500BEB6A1 /* Assets.xcassets in Resources */,
			);
			runOnlyForDeploymentPostprocessing = 0;
		};
/* End PBXResourcesBuildPhase section */

/* Begin PBXSourcesBuildPhase section */
		DBCBEC07250F5BB400BEB6A1 /* Sources */ = {
			isa = PBXSourcesBuildPhase;
			buildActionMask = 2147483647;
			files = (
				DBCBEC18250F5BB500BEB6A1 /* Persistence.swift in Sources */,
				DBCBEC11250F5BB400BEB6A1 /* ContentView.swift in Sources */,
				DBCBEC1B250F5BB500BEB6A1 /* TestTwo.xcdatamodeld in Sources */,
				DBCBEC0F250F5BB400BEB6A1 /* TestTwoApp.swift in Sources */,
			);
			runOnlyForDeploymentPostprocessing = 0;
		};
/* End PBXSourcesBuildPhase section */

/* Begin XCBuildConfiguration section */
		DBCBEC1D250F5BB500BEB6A1 /* Debug */ = {
			isa = XCBuildConfiguration;
			buildSettings = {
				ALWAYS_SEARCH_USER_PATHS = NO;
				CLANG_ANALYZER_NONNULL = YES;
				CLANG_ANALYZER_NUMBER_OBJECT_CONVERSION = YES_AGGRESSIVE;
				CLANG_CXX_LANGUAGE_STANDARD = "gnu++14";
				CLANG_CXX_LIBRARY = "libc++";
				CLANG_ENABLE_MODULES = YES;
				CLANG_ENABLE_OBJC_ARC = YES;
				CLANG_ENABLE_OBJC_WEAK = YES;
				CLANG_WARN_BLOCK_CAPTURE_AUTORELEASING = YES;
				CLANG_WARN_BOOL_CONVERSION = YES;
				CLANG_WARN_COMMA = YES;
				CLANG_WARN_CONSTANT_CONVERSION = YES;
				CLANG_WARN_DEPRECATED_OBJC_IMPLEMENTATIONS = YES;
				CLANG_WARN_DIRECT_OBJC_ISA_USAGE = YES_ERROR;
				CLANG_WARN_DOCUMENTATION_COMMENTS = YES;
				CLANG_WARN_EMPTY_BODY = YES;
				CLANG_WARN_ENUM_CONVERSION = YES;
				CLANG_WARN_INFINITE_RECURSION = YES;
				CLANG_WARN_INT_CONVERSION = YES;
				CLANG_WARN_NON_LITERAL_NULL_CONVERSION = YES;
				CLANG_WARN_OBJC_IMPLICIT_RETAIN_SELF = YES;
				CLANG_WARN_OBJC_LITERAL_CONVERSION = YES;
				CLANG_WARN_OBJC_ROOT_CLASS = YES_ERROR;
				CLANG_WARN_QUOTED_INCLUDE_IN_FRAMEWORK_HEADER = YES;
				CLANG_WARN_RANGE_LOOP_ANALYSIS = YES;
				CLANG_WARN_STRICT_PROTOTYPES = YES;
				CLANG_WARN_SUSPICIOUS_MOVE = YES;
				CLANG_WARN_UNGUARDED_AVAILABILITY = YES_AGGRESSIVE;
				CLANG_WARN_UNREACHABLE_CODE = YES;
				CLANG_WARN__DUPLICATE_METHOD_MATCH = YES;
				COPY_PHASE_STRIP = NO;
				DEBUG_INFORMATION_FORMAT = dwarf;
				ENABLE_STRICT_OBJC_MSGSEND = YES;
				ENABLE_TESTABILITY = YES;
				GCC_C_LANGUAGE_STANDARD = gnu11;
				GCC_DYNAMIC_NO_PIC = NO;
				GCC_NO_COMMON_BLOCKS = YES;
				GCC_OPTIMIZATION_LEVEL = 0;
				GCC_PREPROCESSOR_DEFINITIONS = (
					"DEBUG=1",
					"$(inherited)",
				);
				GCC_WARN_64_TO_32_BIT_CONVERSION = YES;
				GCC_WARN_ABOUT_RETURN_TYPE = YES_ERROR;
				GCC_WARN_UNDECLARED_SELECTOR = YES;
				GCC_WARN_UNINITIALIZED_AUTOS = YES_AGGRESSIVE;
				GCC_WARN_UNUSED_FUNCTION = YES;
				GCC_WARN_UNUSED_VARIABLE = YES;
				IPHONEOS_DEPLOYMENT_TARGET = 14.0;
				MTL_ENABLE_DEBUG_INFO = INCLUDE_SOURCE;
				MTL_FAST_MATH = YES;
				ONLY_ACTIVE_ARCH = YES;
				SDKROOT = iphoneos;
				SWIFT_ACTIVE_COMPILATION_CONDITIONS = DEBUG;
				SWIFT_OPTIMIZATION_LEVEL = "-Onone";
			};
			name = Debug;
		};
		DBCBEC1E250F5BB500BEB6A1 /* Release */ = {
			isa = XCBuildConfiguration;
			buildSettings = {
				ALWAYS_SEARCH_USER_PATHS = NO;
				CLANG_ANALYZER_NONNULL = YES;
				CLANG_ANALYZER_NUMBER_OBJECT_CONVERSION = YES_AGGRESSIVE;
				CLANG_CXX_LANGUAGE_STANDARD = "gnu++14";
				CLANG_CXX_LIBRARY = "libc++";
				CLANG_ENABLE_MODULES = YES;
				CLANG_ENABLE_OBJC_ARC = YES;
				CLANG_ENABLE_OBJC_WEAK = YES;
				CLANG_WARN_BLOCK_CAPTURE_AUTORELEASING = YES;
				CLANG_WARN_BOOL_CONVERSION = YES;
				CLANG_WARN_COMMA = YES;
				CLANG_WARN_CONSTANT_CONVERSION = YES;
				CLANG_WARN_DEPRECATED_OBJC_IMPLEMENTATIONS = YES;
				CLANG_WARN_DIRECT_OBJC_ISA_USAGE = YES_ERROR;
				CLANG_WARN_DOCUMENTATION_COMMENTS = YES;
				CLANG_WARN_EMPTY_BODY = YES;
				CLANG_WARN_ENUM_CONVERSION = YES;
				CLANG_WARN_INFINITE_RECURSION = YES;
				CLANG_WARN_INT_CONVERSION = YES;
				CLANG_WARN_NON_LITERAL_NULL_CONVERSION = YES;
				CLANG_WARN_OBJC_IMPLICIT_RETAIN_SELF = YES;
				CLANG_WARN_OBJC_LITERAL_CONVERSION = YES;
				CLANG_WARN_OBJC_ROOT_CLASS = YES_ERROR;
				CLANG_WARN_QUOTED_INCLUDE_IN_FRAMEWORK_HEADER = YES;
				CLANG_WARN_RANGE_LOOP_ANALYSIS = YES;
				CLANG_WARN_STRICT_PROTOTYPES = YES;
				CLANG_WARN_SUSPICIOUS_MOVE = YES;
				CLANG_WARN_UNGUARDED_AVAILABILITY = YES_AGGRESSIVE;
				CLANG_WARN_UNREACHABLE_CODE = YES;
				CLANG_WARN__DUPLICATE_METHOD_MATCH = YES;
				COPY_PHASE_STRIP = NO;
				DEBUG_INFORMATION_FORMAT = "dwarf-with-dsym";
				ENABLE_NS_ASSERTIONS = NO;
				ENABLE_STRICT_OBJC_MSGSEND = YES;
				GCC_C_LANGUAGE_STANDARD = gnu11;
				GCC_NO_COMMON_BLOCKS = YES;
				GCC_WARN_64_TO_32_BIT_CONVERSION = YES;
				GCC_WARN_ABOUT_RETURN_TYPE = YES_ERROR;
				GCC_WARN_UNDECLARED_SELECTOR = YES;
				GCC_WARN_UNINITIALIZED_AUTOS = YES_AGGRESSIVE;
				GCC_WARN_UNUSED_FUNCTION = YES;
				GCC_WARN_UNUSED_VARIABLE = YES;
				IPHONEOS_DEPLOYMENT_TARGET = 14.0;
				MTL_ENABLE_DEBUG_INFO = NO;
				MTL_FAST_MATH = YES;
				SDKROOT = iphoneos;
				SWIFT_COMPILATION_MODE = wholemodule;
				SWIFT_OPTIMIZATION_LEVEL = "-O";
				VALIDATE_PRODUCT = YES;
			};
			name = Release;
		};
		DBCBEC20250F5BB500BEB6A1 /* Debug */ = {
			isa = XCBuildConfiguration;
			buildSettings = {
				ASSETCATALOG_COMPILER_APPICON_NAME = AppIcon;
				ASSETCATALOG_COMPILER_GLOBAL_ACCENT_COLOR_NAME = AccentColor;
				CODE_SIGN_STYLE = Automatic;
				DEVELOPMENT_ASSET_PATHS = "\"TestTwo/Preview Content\"";
				DEVELOPMENT_TEAM = 6UR9TA6744;
				ENABLE_PREVIEWS = YES;
				INFOPLIST_FILE = TestTwo/Info.plist;
				IPHONEOS_DEPLOYMENT_TARGET = 14.0;
				LD_RUNPATH_SEARCH_PATHS = (
					"$(inherited)",
					"@executable_path/Frameworks",
				);
				PRODUCT_BUNDLE_IDENTIFIER = com.janhovland.TestTwo;
				PRODUCT_NAME = "$(TARGET_NAME)";
				SWIFT_VERSION = 5.0;
				TARGETED_DEVICE_FAMILY = "1,2";
			};
			name = Debug;
		};
		DBCBEC21250F5BB500BEB6A1 /* Release */ = {
			isa = XCBuildConfiguration;
			buildSettings = {
				ASSETCATALOG_COMPILER_APPICON_NAME = AppIcon;
				ASSETCATALOG_COMPILER_GLOBAL_ACCENT_COLOR_NAME = AccentColor;
				CODE_SIGN_STYLE = Automatic;
				DEVELOPMENT_ASSET_PATHS = "\"TestTwo/Preview Content\"";
				DEVELOPMENT_TEAM = 6UR9TA6744;
				ENABLE_PREVIEWS = YES;
				INFOPLIST_FILE = TestTwo/Info.plist;
				IPHONEOS_DEPLOYMENT_TARGET = 14.0;
				LD_RUNPATH_SEARCH_PATHS = (
					"$(inherited)",
					"@executable_path/Frameworks",
				);
				PRODUCT_BUNDLE_IDENTIFIER = com.janhovland.TestTwo;
				PRODUCT_NAME = "$(TARGET_NAME)";
				SWIFT_VERSION = 5.0;
				TARGETED_DEVICE_FAMILY = "1,2";
			};
			name = Release;
		};
/* End XCBuildConfiguration section */

/* Begin XCConfigurationList section */
		DBCBEC06250F5BB400BEB6A1 /* Build configuration list for PBXProject "TestTwo" */ = {
			isa = XCConfigurationList;
			buildConfigurations = (
				DBCBEC1D250F5BB500BEB6A1 /* Debug */,
				DBCBEC1E250F5BB500BEB6A1 /* Release */,
			);
			defaultConfigurationIsVisible = 0;
			defaultConfigurationName = Release;
		};
		DBCBEC1F250F5BB500BEB6A1 /* Build configuration list for PBXNativeTarget "TestTwo" */ = {
			isa = XCConfigurationList;
			buildConfigurations = (
				DBCBEC20250F5BB500BEB6A1 /* Debug */,
				DBCBEC21250F5BB500BEB6A1 /* Release */,
			);
			defaultConfigurationIsVisible = 0;
			defaultConfigurationName = Release;
		};
/* End XCConfigurationList section */

/* Begin XCVersionGroup section */
		DBCBEC19250F5BB500BEB6A1 /* TestTwo.xcdatamodeld */ = {
			isa = XCVersionGroup;
			children = (
				DBCBEC1A250F5BB500BEB6A1 /* TestTwo.xcdatamodel */,
			);
			currentVersion = DBCBEC1A250F5BB500BEB6A1 /* TestTwo.xcdatamodel */;
			path = TestTwo.xcdatamodeld;
			sourceTree = "<group>";
			versionGroupType = wrapper.xcdatamodel;
		};
/* End XCVersionGroup section */
	};
	rootObject = DBCBEC03250F5BB400BEB6A1 /* Project object */;
}
